
Microsoft Visual Studio Solution File, Format Version 12.00
# Visual Studio Version 16
VisualStudioVersion = 16.0.31321.278
MinimumVisualStudioVersion = 10.0.40219.1
Project("{FAE04EC0-301F-11D3-BF4B-00C04F79EFBC}") = "NguyenNgocQuan-WebBlog", "NguyenNgocQuan-WebBlog\NguyenNgocQuan-WebBlog.csproj", "{648FC716-4F59-4871-A9E9-F3255BD3F3EE}"
EndProject
Global
	GlobalSection(SolutionConfigurationPlatforms) = preSolution
		Debug|Any CPU = Debug|Any CPU
		Release|Any CPU = Release|Any CPU
	EndGlobalSection
	GlobalSection(ProjectConfigurationPlatforms) = postSolution
		{648FC716-4F59-4871-A9E9-F3255BD3F3EE}.Debug|Any CPU.ActiveCfg = Debug|Any CPU
		{648FC716-4F59-4871-A9E9-F3255BD3F3EE}.Debug|Any CPU.Build.0 = Debug|Any CPU
		{648FC716-4F59-4871-A9E9-F3255BD3F3EE}.Release|Any CPU.ActiveCfg = Release|Any CPU
		{648FC716-4F59-4871-A9E9-F3255BD3F3EE}.Release|Any CPU.Build.0 = Release|Any CPU
	EndGlobalSection
	GlobalSection(SolutionProperties) = preSolution
		HideSolutionNode = FALSE
	EndGlobalSection
	GlobalSection(ExtensibilityGlobals) = postSolution
		SolutionGuid = {3C2C87E8-0E27-47F3-AE00-E12C79CB98F7}
	EndGlobalSection
EndGlobal
